
Microsoft Visual Studio Solution File, Format Version 12.00
# Visual Studio Version 16
VisualStudioVersion = 16.0.29920.165
MinimumVisualStudioVersion = 10.0.40219.1
Project("{9A19103F-16F7-4668-BE54-9A1E7A4F7556}") = "FactoryPattern", "FactoryPattern\FactoryPattern.csproj", "{2FBFB8DC-6375-4680-8526-28267855DC06}"
EndProject
Project("{9A19103F-16F7-4668-BE54-9A1E7A4F7556}") = "AbstractFactoryPattern", "AbstractFactoryPattern\AbstractFactoryPattern.csproj", "{CF0D2EE9-D215-4CA6-94C2-A8C33919E81C}"
EndProject
Project("{9A19103F-16F7-4668-BE54-9A1E7A4F7556}") = "SingletonPattern", "SingletonPattern\SingletonPattern.csproj", "{0B84C1EC-785D-47A0-96DD-C4E1377E2473}"
EndProject
Project("{9A19103F-16F7-4668-BE54-9A1E7A4F7556}") = "BuilderPattern", "BuilderPattern\BuilderPattern.csproj", "{E9A6284C-F84D-40F7-A5F9-718A98EDE5C8}"
EndProject
Project("{9A19103F-16F7-4668-BE54-9A1E7A4F7556}") = "PrototypePattern", "PrototypePattern\PrototypePattern.csproj", "{03CCE677-F43D-4B58-98C9-36A9CAD77105}"
EndProject
Project("{9A19103F-16F7-4668-BE54-9A1E7A4F7556}") = "AdapterPattern", "AdapterPattern\AdapterPattern.csproj", "{4CEE5A71-6DD5-4FFE-9021-2E02F9B697EA}"
EndProject
Project("{9A19103F-16F7-4668-BE54-9A1E7A4F7556}") = "BridgePattern", "BridgePattern\BridgePattern.csproj", "{87F691AB-4123-4D26-ABCF-22CBAD968C0A}"
EndProject
Project("{9A19103F-16F7-4668-BE54-9A1E7A4F7556}") = "FilterPattern", "FilterPattern\FilterPattern.csproj", "{1F4192A4-2729-434B-B04F-AB436D1C7818}"
EndProject
Project("{FAE04EC0-301F-11D3-BF4B-00C04F79EFBC}") = "StatePattern", "StatePattern\StatePattern.csproj", "{5C7BC9E2-4AFB-45A3-B823-53C198EF264C}"
EndProject
Global
	GlobalSection(SolutionConfigurationPlatforms) = preSolution
		Debug|Any CPU = Debug|Any CPU
		Release|Any CPU = Release|Any CPU
	EndGlobalSection
	GlobalSection(ProjectConfigurationPlatforms) = postSolution
		{2FBFB8DC-6375-4680-8526-28267855DC06}.Debug|Any CPU.ActiveCfg = Debug|Any CPU
		{2FBFB8DC-6375-4680-8526-28267855DC06}.Debug|Any CPU.Build.0 = Debug|Any CPU
		{2FBFB8DC-6375-4680-8526-28267855DC06}.Release|Any CPU.ActiveCfg = Release|Any CPU
		{2FBFB8DC-6375-4680-8526-28267855DC06}.Release|Any CPU.Build.0 = Release|Any CPU
		{CF0D2EE9-D215-4CA6-94C2-A8C33919E81C}.Debug|Any CPU.ActiveCfg = Debug|Any CPU
		{CF0D2EE9-D215-4CA6-94C2-A8C33919E81C}.Debug|Any CPU.Build.0 = Debug|Any CPU
		{CF0D2EE9-D215-4CA6-94C2-A8C33919E81C}.Release|Any CPU.ActiveCfg = Release|Any CPU
		{CF0D2EE9-D215-4CA6-94C2-A8C33919E81C}.Release|Any CPU.Build.0 = Release|Any CPU
		{0B84C1EC-785D-47A0-96DD-C4E1377E2473}.Debug|Any CPU.ActiveCfg = Debug|Any CPU
		{0B84C1EC-785D-47A0-96DD-C4E1377E2473}.Debug|Any CPU.Build.0 = Debug|Any CPU
		{0B84C1EC-785D-47A0-96DD-C4E1377E2473}.Release|Any CPU.ActiveCfg = Release|Any CPU
		{0B84C1EC-785D-47A0-96DD-C4E1377E2473}.Release|Any CPU.Build.0 = Release|Any CPU
		{E9A6284C-F84D-40F7-A5F9-718A98EDE5C8}.Debug|Any CPU.ActiveCfg = Debug|Any CPU
		{E9A6284C-F84D-40F7-A5F9-718A98EDE5C8}.Debug|Any CPU.Build.0 = Debug|Any CPU
		{E9A6284C-F84D-40F7-A5F9-718A98EDE5C8}.Release|Any CPU.ActiveCfg = Release|Any CPU
		{E9A6284C-F84D-40F7-A5F9-718A98EDE5C8}.Release|Any CPU.Build.0 = Release|Any CPU
		{03CCE677-F43D-4B58-98C9-36A9CAD77105}.Debug|Any CPU.ActiveCfg = Debug|Any CPU
		{03CCE677-F43D-4B58-98C9-36A9CAD77105}.Debug|Any CPU.Build.0 = Debug|Any CPU
		{03CCE677-F43D-4B58-98C9-36A9CAD77105}.Release|Any CPU.ActiveCfg = Release|Any CPU
		{03CCE677-F43D-4B58-98C9-36A9CAD77105}.Release|Any CPU.Build.0 = Release|Any CPU
		{4CEE5A71-6DD5-4FFE-9021-2E02F9B697EA}.Debug|Any CPU.ActiveCfg = Debug|Any CPU
		{4CEE5A71-6DD5-4FFE-9021-2E02F9B697EA}.Debug|Any CPU.Build.0 = Debug|Any CPU
		{4CEE5A71-6DD5-4FFE-9021-2E02F9B697EA}.Release|Any CPU.ActiveCfg = Release|Any CPU
		{4CEE5A71-6DD5-4FFE-9021-2E02F9B697EA}.Release|Any CPU.Build.0 = Release|Any CPU
		{87F691AB-4123-4D26-ABCF-22CBAD968C0A}.Debug|Any CPU.ActiveCfg = Debug|Any CPU
		{87F691AB-4123-4D26-ABCF-22CBAD968C0A}.Debug|Any CPU.Build.0 = Debug|Any CPU
		{87F691AB-4123-4D26-ABCF-22CBAD968C0A}.Release|Any CPU.ActiveCfg = Release|Any CPU
		{87F691AB-4123-4D26-ABCF-22CBAD968C0A}.Release|Any CPU.Build.0 = Release|Any CPU
		{1F4192A4-2729-434B-B04F-AB436D1C7818}.Debug|Any CPU.ActiveCfg = Debug|Any CPU
		{1F4192A4-2729-434B-B04F-AB436D1C7818}.Debug|Any CPU.Build.0 = Debug|Any CPU
		{1F4192A4-2729-434B-B04F-AB436D1C7818}.Release|Any CPU.ActiveCfg = Release|Any CPU
		{1F4192A4-2729-434B-B04F-AB436D1C7818}.Release|Any CPU.Build.0 = Release|Any CPU
		{5C7BC9E2-4AFB-45A3-B823-53C198EF264C}.Debug|Any CPU.ActiveCfg = Debug|Any CPU
		{5C7BC9E2-4AFB-45A3-B823-53C198EF264C}.Debug|Any CPU.Build.0 = Debug|Any CPU
		{5C7BC9E2-4AFB-45A3-B823-53C198EF264C}.Release|Any CPU.ActiveCfg = Release|Any CPU
		{5C7BC9E2-4AFB-45A3-B823-53C198EF264C}.Release|Any CPU.Build.0 = Release|Any CPU
	EndGlobalSection
	GlobalSection(SolutionProperties) = preSolution
		HideSolutionNode = FALSE
	EndGlobalSection
	GlobalSection(ExtensibilityGlobals) = postSolution
		SolutionGuid = {FDD0F826-AA38-4A32-9445-B26CBABE7889}
	EndGlobalSection
EndGlobal
